// !$*UTF8*$!
{
	archiveVersion = 1;
	classes = {
	};
	objectVersion = 56;
	objects = {

/* Begin PBXBuildFile section */
		2FB0F4EE2C06559700DCCD6B /* ProfileViewController.swift in Sources */ = {isa = PBXBuildFile; fileRef = 2FB0F4ED2C06559700DCCD6B /* ProfileViewController.swift */; };
		2FB0F4F02C0655DE00DCCD6B /* FavoritesViewController.swift in Sources */ = {isa = PBXBuildFile; fileRef = 2FB0F4EF2C0655DE00DCCD6B /* FavoritesViewController.swift */; };
		2FB0F4F12C06708400DCCD6B /* Main.storyboard in Resources */ = {isa = PBXBuildFile; fileRef = 34FB2AD32BFD821E00DDA310 /* Main.storyboard */; };
		341F15ED2C09477D008F7781 /* FirebaseAuth in Frameworks */ = {isa = PBXBuildFile; productRef = 341F15EC2C09477D008F7781 /* FirebaseAuth */; };
		341F15F02C0947E9008F7781 /* GooglePlaces in Frameworks */ = {isa = PBXBuildFile; productRef = 341F15EF2C0947E9008F7781 /* GooglePlaces */; };
		341F15F22C094876008F7781 /* LoginViewController.swift in Sources */ = {isa = PBXBuildFile; fileRef = 341F15F12C094876008F7781 /* LoginViewController.swift */; };
		341F15F42C0948DC008F7781 /* PlaceDetailViewController.swift in Sources */ = {isa = PBXBuildFile; fileRef = 341F15F32C0948DC008F7781 /* PlaceDetailViewController.swift */; };
		34FB2ACE2BFD821E00DDA310 /* AppDelegate.swift in Sources */ = {isa = PBXBuildFile; fileRef = 34FB2ACD2BFD821E00DDA310 /* AppDelegate.swift */; };
		34FB2AD02BFD821E00DDA310 /* SceneDelegate.swift in Sources */ = {isa = PBXBuildFile; fileRef = 34FB2ACF2BFD821E00DDA310 /* SceneDelegate.swift */; };
		34FB2AD22BFD821E00DDA310 /* ViewController.swift in Sources */ = {isa = PBXBuildFile; fileRef = 34FB2AD12BFD821E00DDA310 /* ViewController.swift */; };
		34FB2AD52BFD821E00DDA310 /* Base in Resources */ = {isa = PBXBuildFile; fileRef = 34FB2AD42BFD821E00DDA310 /* Base */; };
		34FB2AD72BFD822100DDA310 /* Assets.xcassets in Resources */ = {isa = PBXBuildFile; fileRef = 34FB2AD62BFD822100DDA310 /* Assets.xcassets */; };
		34FB2ADA2BFD822100DDA310 /* Base in Resources */ = {isa = PBXBuildFile; fileRef = 34FB2AD92BFD822100DDA310 /* Base */; };
		34FB2AE52BFD822200DDA310 /* BrewScoutTests.swift in Sources */ = {isa = PBXBuildFile; fileRef = 34FB2AE42BFD822200DDA310 /* BrewScoutTests.swift */; };
		34FB2AEF2BFD822200DDA310 /* BrewScoutUITests.swift in Sources */ = {isa = PBXBuildFile; fileRef = 34FB2AEE2BFD822200DDA310 /* BrewScoutUITests.swift */; };
		34FB2AF12BFD822200DDA310 /* BrewScoutUITestsLaunchTests.swift in Sources */ = {isa = PBXBuildFile; fileRef = 34FB2AF02BFD822200DDA310 /* BrewScoutUITestsLaunchTests.swift */; };
		88995CB72C0C416B00E74D73 /* ShopListViewController.swift in Sources */ = {isa = PBXBuildFile; fileRef = 88995CB62C0C416B00E74D73 /* ShopListViewController.swift */; };
		9F95A18E2C0954B7005B2D2C /* GoogleService-Info.plist in Resources */ = {isa = PBXBuildFile; fileRef = 9F95A18D2C0954B7005B2D2C /* GoogleService-Info.plist */; };
/* End PBXBuildFile section */

/* Begin PBXContainerItemProxy section */
		34FB2AE12BFD822200DDA310 /* PBXContainerItemProxy */ = {
			isa = PBXContainerItemProxy;
			containerPortal = 34FB2AC22BFD821E00DDA310 /* Project object */;
			proxyType = 1;
			remoteGlobalIDString = 34FB2AC92BFD821E00DDA310;
			remoteInfo = BrewScout;
		};
		34FB2AEB2BFD822200DDA310 /* PBXContainerItemProxy */ = {
			isa = PBXContainerItemProxy;
			containerPortal = 34FB2AC22BFD821E00DDA310 /* Project object */;
			proxyType = 1;
			remoteGlobalIDString = 34FB2AC92BFD821E00DDA310;
			remoteInfo = BrewScout;
		};
/* End PBXContainerItemProxy section */

/* Begin PBXFileReference section */
		2FB0F4ED2C06559700DCCD6B /* ProfileViewController.swift */ = {isa = PBXFileReference; lastKnownFileType = sourcecode.swift; path = ProfileViewController.swift; sourceTree = "<group>"; };
		2FB0F4EF2C0655DE00DCCD6B /* FavoritesViewController.swift */ = {isa = PBXFileReference; lastKnownFileType = sourcecode.swift; path = FavoritesViewController.swift; sourceTree = "<group>"; };
		341F15F12C094876008F7781 /* LoginViewController.swift */ = {isa = PBXFileReference; lastKnownFileType = sourcecode.swift; path = LoginViewController.swift; sourceTree = "<group>"; };
		341F15F32C0948DC008F7781 /* PlaceDetailViewController.swift */ = {isa = PBXFileReference; lastKnownFileType = sourcecode.swift; path = PlaceDetailViewController.swift; sourceTree = "<group>"; };
		34FB2ACA2BFD821E00DDA310 /* BrewScout.app */ = {isa = PBXFileReference; explicitFileType = wrapper.application; includeInIndex = 0; path = BrewScout.app; sourceTree = BUILT_PRODUCTS_DIR; };
		34FB2ACD2BFD821E00DDA310 /* AppDelegate.swift */ = {isa = PBXFileReference; lastKnownFileType = sourcecode.swift; path = AppDelegate.swift; sourceTree = "<group>"; };
		34FB2ACF2BFD821E00DDA310 /* SceneDelegate.swift */ = {isa = PBXFileReference; lastKnownFileType = sourcecode.swift; path = SceneDelegate.swift; sourceTree = "<group>"; };
		34FB2AD12BFD821E00DDA310 /* ViewController.swift */ = {isa = PBXFileReference; lastKnownFileType = sourcecode.swift; path = ViewController.swift; sourceTree = "<group>"; };
		34FB2AD42BFD821E00DDA310 /* Base */ = {isa = PBXFileReference; lastKnownFileType = file.storyboard; name = Base; path = Base.lproj/Main.storyboard; sourceTree = "<group>"; };
		34FB2AD62BFD822100DDA310 /* Assets.xcassets */ = {isa = PBXFileReference; lastKnownFileType = folder.assetcatalog; path = Assets.xcassets; sourceTree = "<group>"; };
		34FB2AD92BFD822100DDA310 /* Base */ = {isa = PBXFileReference; lastKnownFileType = file.storyboard; name = Base; path = Base.lproj/LaunchScreen.storyboard; sourceTree = "<group>"; };
		34FB2ADB2BFD822100DDA310 /* Info.plist */ = {isa = PBXFileReference; lastKnownFileType = text.plist.xml; path = Info.plist; sourceTree = "<group>"; };
		34FB2AE02BFD822200DDA310 /* BrewScoutTests.xctest */ = {isa = PBXFileReference; explicitFileType = wrapper.cfbundle; includeInIndex = 0; path = BrewScoutTests.xctest; sourceTree = BUILT_PRODUCTS_DIR; };
		34FB2AE42BFD822200DDA310 /* BrewScoutTests.swift */ = {isa = PBXFileReference; lastKnownFileType = sourcecode.swift; path = BrewScoutTests.swift; sourceTree = "<group>"; };
		34FB2AEA2BFD822200DDA310 /* BrewScoutUITests.xctest */ = {isa = PBXFileReference; explicitFileType = wrapper.cfbundle; includeInIndex = 0; path = BrewScoutUITests.xctest; sourceTree = BUILT_PRODUCTS_DIR; };
		34FB2AEE2BFD822200DDA310 /* BrewScoutUITests.swift */ = {isa = PBXFileReference; lastKnownFileType = sourcecode.swift; path = BrewScoutUITests.swift; sourceTree = "<group>"; };
		34FB2AF02BFD822200DDA310 /* BrewScoutUITestsLaunchTests.swift */ = {isa = PBXFileReference; lastKnownFileType = sourcecode.swift; path = BrewScoutUITestsLaunchTests.swift; sourceTree = "<group>"; };
		88995CB62C0C416B00E74D73 /* ShopListViewController.swift */ = {isa = PBXFileReference; lastKnownFileType = sourcecode.swift; path = ShopListViewController.swift; sourceTree = "<group>"; };
		9F95A18D2C0954B7005B2D2C /* GoogleService-Info.plist */ = {isa = PBXFileReference; fileEncoding = 4; lastKnownFileType = text.plist.xml; name = "GoogleService-Info.plist"; path = "../../../../Downloads/GoogleService-Info.plist"; sourceTree = "<group>"; };
/* End PBXFileReference section */

/* Begin PBXFrameworksBuildPhase section */
		34FB2AC72BFD821E00DDA310 /* Frameworks */ = {
			isa = PBXFrameworksBuildPhase;
			buildActionMask = 2147483647;
			files = (
				341F15ED2C09477D008F7781 /* FirebaseAuth in Frameworks */,
				341F15F02C0947E9008F7781 /* GooglePlaces in Frameworks */,
			);
			runOnlyForDeploymentPostprocessing = 0;
		};
		34FB2ADD2BFD822200DDA310 /* Frameworks */ = {
			isa = PBXFrameworksBuildPhase;
			buildActionMask = 2147483647;
			files = (
			);
			runOnlyForDeploymentPostprocessing = 0;
		};
		34FB2AE72BFD822200DDA310 /* Frameworks */ = {
			isa = PBXFrameworksBuildPhase;
			buildActionMask = 2147483647;
			files = (
			);
			runOnlyForDeploymentPostprocessing = 0;
		};
/* End PBXFrameworksBuildPhase section */

/* Begin PBXGroup section */
		34FB2AC12BFD821E00DDA310 = {
			isa = PBXGroup;
			children = (
				34FB2ACC2BFD821E00DDA310 /* BrewScout */,
				34FB2AE32BFD822200DDA310 /* BrewScoutTests */,
				34FB2AED2BFD822200DDA310 /* BrewScoutUITests */,
				34FB2ACB2BFD821E00DDA310 /* Products */,
			);
			sourceTree = "<group>";
		};
		34FB2ACB2BFD821E00DDA310 /* Products */ = {
			isa = PBXGroup;
			children = (
				34FB2ACA2BFD821E00DDA310 /* BrewScout.app */,
				34FB2AE02BFD822200DDA310 /* BrewScoutTests.xctest */,
				34FB2AEA2BFD822200DDA310 /* BrewScoutUITests.xctest */,
			);
			name = Products;
			sourceTree = "<group>";
		};
		34FB2ACC2BFD821E00DDA310 /* BrewScout */ = {
			isa = PBXGroup;
			children = (
				9F95A18D2C0954B7005B2D2C /* GoogleService-Info.plist */,
				34FB2ACD2BFD821E00DDA310 /* AppDelegate.swift */,
				34FB2ACF2BFD821E00DDA310 /* SceneDelegate.swift */,
				341F15F12C094876008F7781 /* LoginViewController.swift */,
				2FB0F4ED2C06559700DCCD6B /* ProfileViewController.swift */,
				34FB2AD12BFD821E00DDA310 /* ViewController.swift */,
				341F15F32C0948DC008F7781 /* PlaceDetailViewController.swift */,
				2FB0F4EF2C0655DE00DCCD6B /* FavoritesViewController.swift */,
				34FB2AD32BFD821E00DDA310 /* Main.storyboard */,
				88995CB62C0C416B00E74D73 /* ShopListViewController.swift */,
				34FB2AD62BFD822100DDA310 /* Assets.xcassets */,
				34FB2AD82BFD822100DDA310 /* LaunchScreen.storyboard */,
				34FB2ADB2BFD822100DDA310 /* Info.plist */,
			);
			path = BrewScout;
			sourceTree = "<group>";
		};
		34FB2AE32BFD822200DDA310 /* BrewScoutTests */ = {
			isa = PBXGroup;
			children = (
				34FB2AE42BFD822200DDA310 /* BrewScoutTests.swift */,
			);
			path = BrewScoutTests;
			sourceTree = "<group>";
		};
		34FB2AED2BFD822200DDA310 /* BrewScoutUITests */ = {
			isa = PBXGroup;
			children = (
				34FB2AEE2BFD822200DDA310 /* BrewScoutUITests.swift */,
				34FB2AF02BFD822200DDA310 /* BrewScoutUITestsLaunchTests.swift */,
			);
			path = BrewScoutUITests;
			sourceTree = "<group>";
		};
/* End PBXGroup section */

/* Begin PBXNativeTarget section */
		34FB2AC92BFD821E00DDA310 /* BrewScout */ = {
			isa = PBXNativeTarget;
			buildConfigurationList = 34FB2AF42BFD822200DDA310 /* Build configuration list for PBXNativeTarget "BrewScout" */;
			buildPhases = (
				34FB2AC62BFD821E00DDA310 /* Sources */,
				34FB2AC72BFD821E00DDA310 /* Frameworks */,
				34FB2AC82BFD821E00DDA310 /* Resources */,
			);
			buildRules = (
			);
			dependencies = (
			);
			name = BrewScout;
			packageProductDependencies = (
				341F15EC2C09477D008F7781 /* FirebaseAuth */,
				341F15EF2C0947E9008F7781 /* GooglePlaces */,
			);
			productName = BrewScout;
			productReference = 34FB2ACA2BFD821E00DDA310 /* BrewScout.app */;
			productType = "com.apple.product-type.application";
		};
		34FB2ADF2BFD822200DDA310 /* BrewScoutTests */ = {
			isa = PBXNativeTarget;
			buildConfigurationList = 34FB2AF72BFD822200DDA310 /* Build configuration list for PBXNativeTarget "BrewScoutTests" */;
			buildPhases = (
				34FB2ADC2BFD822200DDA310 /* Sources */,
				34FB2ADD2BFD822200DDA310 /* Frameworks */,
				34FB2ADE2BFD822200DDA310 /* Resources */,
			);
			buildRules = (
			);
			dependencies = (
				34FB2AE22BFD822200DDA310 /* PBXTargetDependency */,
			);
			name = BrewScoutTests;
			productName = BrewScoutTests;
			productReference = 34FB2AE02BFD822200DDA310 /* BrewScoutTests.xctest */;
			productType = "com.apple.product-type.bundle.unit-test";
		};
		34FB2AE92BFD822200DDA310 /* BrewScoutUITests */ = {
			isa = PBXNativeTarget;
			buildConfigurationList = 34FB2AFA2BFD822200DDA310 /* Build configuration list for PBXNativeTarget "BrewScoutUITests" */;
			buildPhases = (
				34FB2AE62BFD822200DDA310 /* Sources */,
				34FB2AE72BFD822200DDA310 /* Frameworks */,
				34FB2AE82BFD822200DDA310 /* Resources */,
			);
			buildRules = (
			);
			dependencies = (
				34FB2AEC2BFD822200DDA310 /* PBXTargetDependency */,
			);
			name = BrewScoutUITests;
			productName = BrewScoutUITests;
			productReference = 34FB2AEA2BFD822200DDA310 /* BrewScoutUITests.xctest */;
			productType = "com.apple.product-type.bundle.ui-testing";
		};
/* End PBXNativeTarget section */

/* Begin PBXProject section */
		34FB2AC22BFD821E00DDA310 /* Project object */ = {
			isa = PBXProject;
			attributes = {
				BuildIndependentTargetsInParallel = 1;
				LastSwiftUpdateCheck = 1530;
				LastUpgradeCheck = 1530;
				TargetAttributes = {
					34FB2AC92BFD821E00DDA310 = {
						CreatedOnToolsVersion = 15.3;
					};
					34FB2ADF2BFD822200DDA310 = {
						CreatedOnToolsVersion = 15.3;
						TestTargetID = 34FB2AC92BFD821E00DDA310;
					};
					34FB2AE92BFD822200DDA310 = {
						CreatedOnToolsVersion = 15.3;
						TestTargetID = 34FB2AC92BFD821E00DDA310;
					};
				};
			};
			buildConfigurationList = 34FB2AC52BFD821E00DDA310 /* Build configuration list for PBXProject "BrewScout" */;
			compatibilityVersion = "Xcode 14.0";
			developmentRegion = en;
			hasScannedForEncodings = 0;
			knownRegions = (
				en,
				Base,
			);
			mainGroup = 34FB2AC12BFD821E00DDA310;
			packageReferences = (
				341F15EB2C09477D008F7781 /* XCRemoteSwiftPackageReference "firebase-ios-sdk" */,
				341F15EE2C0947E9008F7781 /* XCRemoteSwiftPackageReference "ios-places-sdk" */,
			);
			productRefGroup = 34FB2ACB2BFD821E00DDA310 /* Products */;
			projectDirPath = "";
			projectRoot = "";
			targets = (
				34FB2AC92BFD821E00DDA310 /* BrewScout */,
				34FB2ADF2BFD822200DDA310 /* BrewScoutTests */,
				34FB2AE92BFD822200DDA310 /* BrewScoutUITests */,
			);
		};
/* End PBXProject section */

/* Begin PBXResourcesBuildPhase section */
		34FB2AC82BFD821E00DDA310 /* Resources */ = {
			isa = PBXResourcesBuildPhase;
			buildActionMask = 2147483647;
			files = (
				34FB2AD72BFD822100DDA310 /* Assets.xcassets in Resources */,
				34FB2ADA2BFD822100DDA310 /* Base in Resources */,
				9F95A18E2C0954B7005B2D2C /* GoogleService-Info.plist in Resources */,
				34FB2AD52BFD821E00DDA310 /* Base in Resources */,
				2FB0F4F12C06708400DCCD6B /* Main.storyboard in Resources */,
			);
			runOnlyForDeploymentPostprocessing = 0;
		};
		34FB2ADE2BFD822200DDA310 /* Resources */ = {
			isa = PBXResourcesBuildPhase;
			buildActionMask = 2147483647;
			files = (
			);
			runOnlyForDeploymentPostprocessing = 0;
		};
		34FB2AE82BFD822200DDA310 /* Resources */ = {
			isa = PBXResourcesBuildPhase;
			buildActionMask = 2147483647;
			files = (
			);
			runOnlyForDeploymentPostprocessing = 0;
		};
/* End PBXResourcesBuildPhase section */

/* Begin PBXSourcesBuildPhase section */
		34FB2AC62BFD821E00DDA310 /* Sources */ = {
			isa = PBXSourcesBuildPhase;
			buildActionMask = 2147483647;
			files = (
				341F15F22C094876008F7781 /* LoginViewController.swift in Sources */,
				34FB2AD22BFD821E00DDA310 /* ViewController.swift in Sources */,
				341F15F42C0948DC008F7781 /* PlaceDetailViewController.swift in Sources */,
				34FB2ACE2BFD821E00DDA310 /* AppDelegate.swift in Sources */,
				88995CB72C0C416B00E74D73 /* ShopListViewController.swift in Sources */,
				2FB0F4EE2C06559700DCCD6B /* ProfileViewController.swift in Sources */,
				2FB0F4F02C0655DE00DCCD6B /* FavoritesViewController.swift in Sources */,
				34FB2AD02BFD821E00DDA310 /* SceneDelegate.swift in Sources */,
			);
			runOnlyForDeploymentPostprocessing = 0;
		};
		34FB2ADC2BFD822200DDA310 /* Sources */ = {
			isa = PBXSourcesBuildPhase;
			buildActionMask = 2147483647;
			files = (
				34FB2AE52BFD822200DDA310 /* BrewScoutTests.swift in Sources */,
			);
			runOnlyForDeploymentPostprocessing = 0;
		};
		34FB2AE62BFD822200DDA310 /* Sources */ = {
			isa = PBXSourcesBuildPhase;
			buildActionMask = 2147483647;
			files = (
				34FB2AEF2BFD822200DDA310 /* BrewScoutUITests.swift in Sources */,
				34FB2AF12BFD822200DDA310 /* BrewScoutUITestsLaunchTests.swift in Sources */,
			);
			runOnlyForDeploymentPostprocessing = 0;
		};
/* End PBXSourcesBuildPhase section */

/* Begin PBXTargetDependency section */
		34FB2AE22BFD822200DDA310 /* PBXTargetDependency */ = {
			isa = PBXTargetDependency;
			target = 34FB2AC92BFD821E00DDA310 /* BrewScout */;
			targetProxy = 34FB2AE12BFD822200DDA310 /* PBXContainerItemProxy */;
		};
		34FB2AEC2BFD822200DDA310 /* PBXTargetDependency */ = {
			isa = PBXTargetDependency;
			target = 34FB2AC92BFD821E00DDA310 /* BrewScout */;
			targetProxy = 34FB2AEB2BFD822200DDA310 /* PBXContainerItemProxy */;
		};
/* End PBXTargetDependency section */

/* Begin PBXVariantGroup section */
		34FB2AD32BFD821E00DDA310 /* Main.storyboard */ = {
			isa = PBXVariantGroup;
			children = (
				34FB2AD42BFD821E00DDA310 /* Base */,
			);
			name = Main.storyboard;
			sourceTree = "<group>";
		};
		34FB2AD82BFD822100DDA310 /* LaunchScreen.storyboard */ = {
			isa = PBXVariantGroup;
			children = (
				34FB2AD92BFD822100DDA310 /* Base */,
			);
			name = LaunchScreen.storyboard;
			sourceTree = "<group>";
		};
/* End PBXVariantGroup section */

/* Begin XCBuildConfiguration section */
		34FB2AF22BFD822200DDA310 /* Debug */ = {
			isa = XCBuildConfiguration;
			buildSettings = {
				ALWAYS_SEARCH_USER_PATHS = NO;
				ASSETCATALOG_COMPILER_GENERATE_SWIFT_ASSET_SYMBOL_EXTENSIONS = YES;
				CLANG_ANALYZER_NONNULL = YES;
				CLANG_ANALYZER_NUMBER_OBJECT_CONVERSION = YES_AGGRESSIVE;
				CLANG_CXX_LANGUAGE_STANDARD = "gnu++20";
				CLANG_ENABLE_MODULES = YES;
				CLANG_ENABLE_OBJC_ARC = YES;
				CLANG_ENABLE_OBJC_WEAK = YES;
				CLANG_WARN_BLOCK_CAPTURE_AUTORELEASING = YES;
				CLANG_WARN_BOOL_CONVERSION = YES;
				CLANG_WARN_COMMA = YES;
				CLANG_WARN_CONSTANT_CONVERSION = YES;
				CLANG_WARN_DEPRECATED_OBJC_IMPLEMENTATIONS = YES;
				CLANG_WARN_DIRECT_OBJC_ISA_USAGE = YES_ERROR;
				CLANG_WARN_DOCUMENTATION_COMMENTS = YES;
				CLANG_WARN_EMPTY_BODY = YES;
				CLANG_WARN_ENUM_CONVERSION = YES;
				CLANG_WARN_INFINITE_RECURSION = YES;
				CLANG_WARN_INT_CONVERSION = YES;
				CLANG_WARN_NON_LITERAL_NULL_CONVERSION = YES;
				CLANG_WARN_OBJC_IMPLICIT_RETAIN_SELF = YES;
				CLANG_WARN_OBJC_LITERAL_CONVERSION = YES;
				CLANG_WARN_OBJC_ROOT_CLASS = YES_ERROR;
				CLANG_WARN_QUOTED_INCLUDE_IN_FRAMEWORK_HEADER = YES;
				CLANG_WARN_RANGE_LOOP_ANALYSIS = YES;
				CLANG_WARN_STRICT_PROTOTYPES = YES;
				CLANG_WARN_SUSPICIOUS_MOVE = YES;
				CLANG_WARN_UNGUARDED_AVAILABILITY = YES_AGGRESSIVE;
				CLANG_WARN_UNREACHABLE_CODE = YES;
				CLANG_WARN__DUPLICATE_METHOD_MATCH = YES;
				COPY_PHASE_STRIP = NO;
				DEBUG_INFORMATION_FORMAT = dwarf;
				ENABLE_STRICT_OBJC_MSGSEND = YES;
				ENABLE_TESTABILITY = YES;
				ENABLE_USER_SCRIPT_SANDBOXING = YES;
				GCC_C_LANGUAGE_STANDARD = gnu17;
				GCC_DYNAMIC_NO_PIC = NO;
				GCC_NO_COMMON_BLOCKS = YES;
				GCC_OPTIMIZATION_LEVEL = 0;
				GCC_PREPROCESSOR_DEFINITIONS = (
					"DEBUG=1",
					"$(inherited)",
				);
				GCC_WARN_64_TO_32_BIT_CONVERSION = YES;
				GCC_WARN_ABOUT_RETURN_TYPE = YES_ERROR;
				GCC_WARN_UNDECLARED_SELECTOR = YES;
				GCC_WARN_UNINITIALIZED_AUTOS = YES_AGGRESSIVE;
				GCC_WARN_UNUSED_FUNCTION = YES;
				GCC_WARN_UNUSED_VARIABLE = YES;
				IPHONEOS_DEPLOYMENT_TARGET = 17.4;
				LOCALIZATION_PREFERS_STRING_CATALOGS = YES;
				MTL_ENABLE_DEBUG_INFO = INCLUDE_SOURCE;
				MTL_FAST_MATH = YES;
				ONLY_ACTIVE_ARCH = YES;
				SDKROOT = iphoneos;
				SWIFT_ACTIVE_COMPILATION_CONDITIONS = "DEBUG $(inherited)";
				SWIFT_OPTIMIZATION_LEVEL = "-Onone";
			};
			name = Debug;
		};
		34FB2AF32BFD822200DDA310 /* Release */ = {
			isa = XCBuildConfiguration;
			buildSettings = {
				ALWAYS_SEARCH_USER_PATHS = NO;
				ASSETCATALOG_COMPILER_GENERATE_SWIFT_ASSET_SYMBOL_EXTENSIONS = YES;
				CLANG_ANALYZER_NONNULL = YES;
				CLANG_ANALYZER_NUMBER_OBJECT_CONVERSION = YES_AGGRESSIVE;
				CLANG_CXX_LANGUAGE_STANDARD = "gnu++20";
				CLANG_ENABLE_MODULES = YES;
				CLANG_ENABLE_OBJC_ARC = YES;
				CLANG_ENABLE_OBJC_WEAK = YES;
				CLANG_WARN_BLOCK_CAPTURE_AUTORELEASING = YES;
				CLANG_WARN_BOOL_CONVERSION = YES;
				CLANG_WARN_COMMA = YES;
				CLANG_WARN_CONSTANT_CONVERSION = YES;
				CLANG_WARN_DEPRECATED_OBJC_IMPLEMENTATIONS = YES;
				CLANG_WARN_DIRECT_OBJC_ISA_USAGE = YES_ERROR;
				CLANG_WARN_DOCUMENTATION_COMMENTS = YES;
				CLANG_WARN_EMPTY_BODY = YES;
				CLANG_WARN_ENUM_CONVERSION = YES;
				CLANG_WARN_INFINITE_RECURSION = YES;
				CLANG_WARN_INT_CONVERSION = YES;
				CLANG_WARN_NON_LITERAL_NULL_CONVERSION = YES;
				CLANG_WARN_OBJC_IMPLICIT_RETAIN_SELF = YES;
				CLANG_WARN_OBJC_LITERAL_CONVERSION = YES;
				CLANG_WARN_OBJC_ROOT_CLASS = YES_ERROR;
				CLANG_WARN_QUOTED_INCLUDE_IN_FRAMEWORK_HEADER = YES;
				CLANG_WARN_RANGE_LOOP_ANALYSIS = YES;
				CLANG_WARN_STRICT_PROTOTYPES = YES;
				CLANG_WARN_SUSPICIOUS_MOVE = YES;
				CLANG_WARN_UNGUARDED_AVAILABILITY = YES_AGGRESSIVE;
				CLANG_WARN_UNREACHABLE_CODE = YES;
				CLANG_WARN__DUPLICATE_METHOD_MATCH = YES;
				COPY_PHASE_STRIP = NO;
				DEBUG_INFORMATION_FORMAT = "dwarf-with-dsym";
				ENABLE_NS_ASSERTIONS = NO;
				ENABLE_STRICT_OBJC_MSGSEND = YES;
				ENABLE_USER_SCRIPT_SANDBOXING = YES;
				GCC_C_LANGUAGE_STANDARD = gnu17;
				GCC_NO_COMMON_BLOCKS = YES;
				GCC_WARN_64_TO_32_BIT_CONVERSION = YES;
				GCC_WARN_ABOUT_RETURN_TYPE = YES_ERROR;
				GCC_WARN_UNDECLARED_SELECTOR = YES;
				GCC_WARN_UNINITIALIZED_AUTOS = YES_AGGRESSIVE;
				GCC_WARN_UNUSED_FUNCTION = YES;
				GCC_WARN_UNUSED_VARIABLE = YES;
				IPHONEOS_DEPLOYMENT_TARGET = 17.4;
				LOCALIZATION_PREFERS_STRING_CATALOGS = YES;
				MTL_ENABLE_DEBUG_INFO = NO;
				MTL_FAST_MATH = YES;
				SDKROOT = iphoneos;
				SWIFT_COMPILATION_MODE = wholemodule;
				VALIDATE_PRODUCT = YES;
			};
			name = Release;
		};
		34FB2AF52BFD822200DDA310 /* Debug */ = {
			isa = XCBuildConfiguration;
			buildSettings = {
				ASSETCATALOG_COMPILER_APPICON_NAME = AppIcon;
				ASSETCATALOG_COMPILER_GLOBAL_ACCENT_COLOR_NAME = AccentColor;
				CODE_SIGN_STYLE = Automatic;
				CURRENT_PROJECT_VERSION = 1;
				DEVELOPMENT_TEAM = "";
				GENERATE_INFOPLIST_FILE = YES;
				INFOPLIST_FILE = BrewScout/Info.plist;
				INFOPLIST_KEY_UIApplicationSupportsIndirectInputEvents = YES;
				INFOPLIST_KEY_UILaunchStoryboardName = LaunchScreen;
				INFOPLIST_KEY_UIMainStoryboardFile = Main;
				INFOPLIST_KEY_UISupportedInterfaceOrientations_iPad = "UIInterfaceOrientationPortrait UIInterfaceOrientationPortraitUpsideDown UIInterfaceOrientationLandscapeLeft UIInterfaceOrientationLandscapeRight";
				INFOPLIST_KEY_UISupportedInterfaceOrientations_iPhone = "UIInterfaceOrientationPortrait UIInterfaceOrientationLandscapeLeft UIInterfaceOrientationLandscapeRight";
				LD_RUNPATH_SEARCH_PATHS = (
					"$(inherited)",
					"@executable_path/Frameworks",
				);
				MARKETING_VERSION = 1.0;
				OTHER_LDFLAGS = "-ObjC";
				PRODUCT_BUNDLE_IDENTIFIER = com.brewscout.brewscout;
				PRODUCT_NAME = "$(TARGET_NAME)";
				SWIFT_EMIT_LOC_STRINGS = YES;
				SWIFT_VERSION = 5.0;
				TARGETED_DEVICE_FAMILY = "1,2";
			};
			name = Debug;
		};
		34FB2AF62BFD822200DDA310 /* Release */ = {
			isa = XCBuildConfiguration;
			buildSettings = {
				ASSETCATALOG_COMPILER_APPICON_NAME = AppIcon;
				ASSETCATALOG_COMPILER_GLOBAL_ACCENT_COLOR_NAME = AccentColor;
				CODE_SIGN_STYLE = Automatic;
				CURRENT_PROJECT_VERSION = 1;
				DEVELOPMENT_TEAM = "";
				GENERATE_INFOPLIST_FILE = YES;
				INFOPLIST_FILE = BrewScout/Info.plist;
				INFOPLIST_KEY_UIApplicationSupportsIndirectInputEvents = YES;
				INFOPLIST_KEY_UILaunchStoryboardName = LaunchScreen;
				INFOPLIST_KEY_UIMainStoryboardFile = Main;
				INFOPLIST_KEY_UISupportedInterfaceOrientations_iPad = "UIInterfaceOrientationPortrait UIInterfaceOrientationPortraitUpsideDown UIInterfaceOrientationLandscapeLeft UIInterfaceOrientationLandscapeRight";
				INFOPLIST_KEY_UISupportedInterfaceOrientations_iPhone = "UIInterfaceOrientationPortrait UIInterfaceOrientationLandscapeLeft UIInterfaceOrientationLandscapeRight";
				LD_RUNPATH_SEARCH_PATHS = (
					"$(inherited)",
					"@executable_path/Frameworks",
				);
				MARKETING_VERSION = 1.0;
				OTHER_LDFLAGS = "-ObjC";
				PRODUCT_BUNDLE_IDENTIFIER = com.brewscout.brewscout;
				PRODUCT_NAME = "$(TARGET_NAME)";
				SWIFT_EMIT_LOC_STRINGS = YES;
				SWIFT_VERSION = 5.0;
				TARGETED_DEVICE_FAMILY = "1,2";
			};
			name = Release;
		};
		34FB2AF82BFD822200DDA310 /* Debug */ = {
			isa = XCBuildConfiguration;
			buildSettings = {
				ALWAYS_EMBED_SWIFT_STANDARD_LIBRARIES = YES;
				BUNDLE_LOADER = "$(TEST_HOST)";
				CODE_SIGN_STYLE = Automatic;
				CURRENT_PROJECT_VERSION = 1;
				DEVELOPMENT_TEAM = HL7N9W6PVU;
				GENERATE_INFOPLIST_FILE = YES;
				IPHONEOS_DEPLOYMENT_TARGET = 17.4;
				MARKETING_VERSION = 1.0;
				PRODUCT_BUNDLE_IDENTIFIER = edu.uw.ischool.qbaebler.BrewScoutTests;
				PRODUCT_NAME = "$(TARGET_NAME)";
				SWIFT_EMIT_LOC_STRINGS = NO;
				SWIFT_VERSION = 5.0;
				TARGETED_DEVICE_FAMILY = "1,2";
				TEST_HOST = "$(BUILT_PRODUCTS_DIR)/BrewScout.app/$(BUNDLE_EXECUTABLE_FOLDER_PATH)/BrewScout";
			};
			name = Debug;
		};
		34FB2AF92BFD822200DDA310 /* Release */ = {
			isa = XCBuildConfiguration;
			buildSettings = {
				ALWAYS_EMBED_SWIFT_STANDARD_LIBRARIES = YES;
				BUNDLE_LOADER = "$(TEST_HOST)";
				CODE_SIGN_STYLE = Automatic;
				CURRENT_PROJECT_VERSION = 1;
				DEVELOPMENT_TEAM = HL7N9W6PVU;
				GENERATE_INFOPLIST_FILE = YES;
				IPHONEOS_DEPLOYMENT_TARGET = 17.4;
				MARKETING_VERSION = 1.0;
				PRODUCT_BUNDLE_IDENTIFIER = edu.uw.ischool.qbaebler.BrewScoutTests;
				PRODUCT_NAME = "$(TARGET_NAME)";
				SWIFT_EMIT_LOC_STRINGS = NO;
				SWIFT_VERSION = 5.0;
				TARGETED_DEVICE_FAMILY = "1,2";
				TEST_HOST = "$(BUILT_PRODUCTS_DIR)/BrewScout.app/$(BUNDLE_EXECUTABLE_FOLDER_PATH)/BrewScout";
			};
			name = Release;
		};
		34FB2AFB2BFD822200DDA310 /* Debug */ = {
			isa = XCBuildConfiguration;
			buildSettings = {
				ALWAYS_EMBED_SWIFT_STANDARD_LIBRARIES = YES;
				CODE_SIGN_STYLE = Automatic;
				CURRENT_PROJECT_VERSION = 1;
				DEVELOPMENT_TEAM = HL7N9W6PVU;
				GENERATE_INFOPLIST_FILE = YES;
				MARKETING_VERSION = 1.0;
				PRODUCT_BUNDLE_IDENTIFIER = edu.uw.ischool.qbaebler.BrewScoutUITests;
				PRODUCT_NAME = "$(TARGET_NAME)";
				SWIFT_EMIT_LOC_STRINGS = NO;
				SWIFT_VERSION = 5.0;
				TARGETED_DEVICE_FAMILY = "1,2";
				TEST_TARGET_NAME = BrewScout;
			};
			name = Debug;
		};
		34FB2AFC2BFD822200DDA310 /* Release */ = {
			isa = XCBuildConfiguration;
			buildSettings = {
				ALWAYS_EMBED_SWIFT_STANDARD_LIBRARIES = YES;
				CODE_SIGN_STYLE = Automatic;
				CURRENT_PROJECT_VERSION = 1;
				DEVELOPMENT_TEAM = HL7N9W6PVU;
				GENERATE_INFOPLIST_FILE = YES;
				MARKETING_VERSION = 1.0;
				PRODUCT_BUNDLE_IDENTIFIER = edu.uw.ischool.qbaebler.BrewScoutUITests;
				PRODUCT_NAME = "$(TARGET_NAME)";
				SWIFT_EMIT_LOC_STRINGS = NO;
				SWIFT_VERSION = 5.0;
				TARGETED_DEVICE_FAMILY = "1,2";
				TEST_TARGET_NAME = BrewScout;
			};
			name = Release;
		};
/* End XCBuildConfiguration section */

/* Begin XCConfigurationList section */
		34FB2AC52BFD821E00DDA310 /* Build configuration list for PBXProject "BrewScout" */ = {
			isa = XCConfigurationList;
			buildConfigurations = (
				34FB2AF22BFD822200DDA310 /* Debug */,
				34FB2AF32BFD822200DDA310 /* Release */,
			);
			defaultConfigurationIsVisible = 0;
			defaultConfigurationName = Release;
		};
		34FB2AF42BFD822200DDA310 /* Build configuration list for PBXNativeTarget "BrewScout" */ = {
			isa = XCConfigurationList;
			buildConfigurations = (
				34FB2AF52BFD822200DDA310 /* Debug */,
				34FB2AF62BFD822200DDA310 /* Release */,
			);
			defaultConfigurationIsVisible = 0;
			defaultConfigurationName = Release;
		};
		34FB2AF72BFD822200DDA310 /* Build configuration list for PBXNativeTarget "BrewScoutTests" */ = {
			isa = XCConfigurationList;
			buildConfigurations = (
				34FB2AF82BFD822200DDA310 /* Debug */,
				34FB2AF92BFD822200DDA310 /* Release */,
			);
			defaultConfigurationIsVisible = 0;
			defaultConfigurationName = Release;
		};
		34FB2AFA2BFD822200DDA310 /* Build configuration list for PBXNativeTarget "BrewScoutUITests" */ = {
			isa = XCConfigurationList;
			buildConfigurations = (
				34FB2AFB2BFD822200DDA310 /* Debug */,
				34FB2AFC2BFD822200DDA310 /* Release */,
			);
			defaultConfigurationIsVisible = 0;
			defaultConfigurationName = Release;
		};
/* End XCConfigurationList section */

/* Begin XCRemoteSwiftPackageReference section */
		341F15EB2C09477D008F7781 /* XCRemoteSwiftPackageReference "firebase-ios-sdk" */ = {
			isa = XCRemoteSwiftPackageReference;
			repositoryURL = "https://github.com/firebase/firebase-ios-sdk.git";
			requirement = {
				kind = upToNextMajorVersion;
				minimumVersion = 10.27.0;
			};
		};
		341F15EE2C0947E9008F7781 /* XCRemoteSwiftPackageReference "ios-places-sdk" */ = {
			isa = XCRemoteSwiftPackageReference;
			repositoryURL = "https://github.com/googlemaps/ios-places-sdk";
			requirement = {
				kind = upToNextMajorVersion;
				minimumVersion = 9.0.0;
			};
		};
/* End XCRemoteSwiftPackageReference section */

/* Begin XCSwiftPackageProductDependency section */
		341F15EC2C09477D008F7781 /* FirebaseAuth */ = {
			isa = XCSwiftPackageProductDependency;
			package = 341F15EB2C09477D008F7781 /* XCRemoteSwiftPackageReference "firebase-ios-sdk" */;
			productName = FirebaseAuth;
		};
		341F15EF2C0947E9008F7781 /* GooglePlaces */ = {
			isa = XCSwiftPackageProductDependency;
			package = 341F15EE2C0947E9008F7781 /* XCRemoteSwiftPackageReference "ios-places-sdk" */;
			productName = GooglePlaces;
		};
/* End XCSwiftPackageProductDependency section */
	};
	rootObject = 34FB2AC22BFD821E00DDA310 /* Project object */;
}
